// !$*UTF8*$!
{
	archiveVersion = 1;
	classes = {
	};
	objectVersion = 46;
	objects = {

/* Begin PBXBuildFile section */
		1F8B9176212CDCE229C9CB8D /* Pods_TaipeiTrackRubbishTruckUITests.framework in Frameworks */ = {isa = PBXBuildFile; fileRef = 4A9F38B2D94116C6F6FBEF62 /* Pods_TaipeiTrackRubbishTruckUITests.framework */; };
		41654B331D45A68F0026992E /* GoogleDataProvider.swift in Sources */ = {isa = PBXBuildFile; fileRef = 41654B321D45A68F0026992E /* GoogleDataProvider.swift */; };
		41654B4C1D45B10B0026992E /* GooglePlace.swift in Sources */ = {isa = PBXBuildFile; fileRef = 41654B4B1D45B10B0026992E /* GooglePlace.swift */; };
		41654B4E1D45B1290026992E /* PlaceMarker.swift in Sources */ = {isa = PBXBuildFile; fileRef = 41654B4D1D45B1290026992E /* PlaceMarker.swift */; };
		41654B501D45B1AC0026992E /* UIViewExtension.swift in Sources */ = {isa = PBXBuildFile; fileRef = 41654B4F1D45B1AC0026992E /* UIViewExtension.swift */; };
		41654B561D45B4900026992E /* LICENSE in Resources */ = {isa = PBXBuildFile; fileRef = 41654B521D45B4900026992E /* LICENSE */; };
		41654B571D45B4900026992E /* README.md in Sources */ = {isa = PBXBuildFile; fileRef = 41654B531D45B4900026992E /* README.md */; };
		41654B581D45B4900026992E /* SwiftyJSON.swift in Sources */ = {isa = PBXBuildFile; fileRef = 41654B551D45B4900026992E /* SwiftyJSON.swift */; };
		41654B5A1D45F06F0026992E /* TaipeiDataServers.swift in Sources */ = {isa = PBXBuildFile; fileRef = 41654B591D45F06F0026992E /* TaipeiDataServers.swift */; };
		BB57423D9C117288B9083464 /* Pods_TaipeiTrackRubbishTruckTests.framework in Frameworks */ = {isa = PBXBuildFile; fileRef = FEFED55A983A946BB6F07E54 /* Pods_TaipeiTrackRubbishTruckTests.framework */; };
		E9141655407FE08E8BE595DE /* Pods_TaipeiTrackRubbishTruck.framework in Frameworks */ = {isa = PBXBuildFile; fileRef = B09886A3FD10939FCFCFAE2E /* Pods_TaipeiTrackRubbishTruck.framework */; };
		FB5878891D0A995D00D121DA /* CoreData.framework in Frameworks */ = {isa = PBXBuildFile; fileRef = FB5878881D0A995D00D121DA /* CoreData.framework */; };
		FB7F96451D1ACEDF0042819F /* GoogleService-Info.plist in Resources */ = {isa = PBXBuildFile; fileRef = FB7F96441D1ACEDF0042819F /* GoogleService-Info.plist */; };
		FB81F33B1CE6CFD500FA4B67 /* AppDelegate.swift in Sources */ = {isa = PBXBuildFile; fileRef = FB81F33A1CE6CFD500FA4B67 /* AppDelegate.swift */; };
		FB81F3401CE6CFD500FA4B67 /* Main.storyboard in Resources */ = {isa = PBXBuildFile; fileRef = FB81F33E1CE6CFD500FA4B67 /* Main.storyboard */; };
		FB81F3421CE6CFD500FA4B67 /* Assets.xcassets in Resources */ = {isa = PBXBuildFile; fileRef = FB81F3411CE6CFD500FA4B67 /* Assets.xcassets */; };
		FB81F3451CE6CFD500FA4B67 /* LaunchScreen.storyboard in Resources */ = {isa = PBXBuildFile; fileRef = FB81F3431CE6CFD500FA4B67 /* LaunchScreen.storyboard */; };
		FB81F3501CE6CFD500FA4B67 /* TaipeiTrackRubbishTruckTests.swift in Sources */ = {isa = PBXBuildFile; fileRef = FB81F34F1CE6CFD500FA4B67 /* TaipeiTrackRubbishTruckTests.swift */; };
		FB81F35B1CE6CFD500FA4B67 /* TaipeiTrackRubbishTruckUITests.swift in Sources */ = {isa = PBXBuildFile; fileRef = FB81F35A1CE6CFD500FA4B67 /* TaipeiTrackRubbishTruckUITests.swift */; };
		FB81F36D1CE6D24700FA4B67 /* Constant.swift in Sources */ = {isa = PBXBuildFile; fileRef = FB81F36C1CE6D24700FA4B67 /* Constant.swift */; };
		FB81F36F1CE6D2E300FA4B67 /* RubbishTruckController.swift in Sources */ = {isa = PBXBuildFile; fileRef = FB81F36E1CE6D2E300FA4B67 /* RubbishTruckController.swift */; };
		FB81F3751CE997ED00FA4B67 /* NSDictionary+Unicode.m in Sources */ = {isa = PBXBuildFile; fileRef = FB81F3741CE997ED00FA4B67 /* NSDictionary+Unicode.m */; };
		FB81F3781CE99EDD00FA4B67 /* Rubbish.swift in Sources */ = {isa = PBXBuildFile; fileRef = FB81F3771CE99EDD00FA4B67 /* Rubbish.swift */; };
		FB81F37D1CE9B11B00FA4B67 /* RubbishTableViewCell.swift in Sources */ = {isa = PBXBuildFile; fileRef = FB81F37C1CE9B11B00FA4B67 /* RubbishTableViewCell.swift */; };
		FB878A821CF2CC5D0011FF04 /* GoogleMapViewController.swift in Sources */ = {isa = PBXBuildFile; fileRef = FB878A811CF2CC5D0011FF04 /* GoogleMapViewController.swift */; };
		FB9BF9741CEB323700659977 /* Reachability.swift in Sources */ = {isa = PBXBuildFile; fileRef = FB9BF9731CEB323700659977 /* Reachability.swift */; };
		FB9BF9771CEB388F00659977 /* MenuTransitionMansger.swift in Sources */ = {isa = PBXBuildFile; fileRef = FB9BF9761CEB388F00659977 /* MenuTransitionMansger.swift */; };
		FBA2583B1CE9FBAC00A4E761 /* NewTaipeiAreaController.swift in Sources */ = {isa = PBXBuildFile; fileRef = FBA2583A1CE9FBAC00A4E761 /* NewTaipeiAreaController.swift */; };
		FBA3BBED1CEB1BF7004AF688 /* BaseViewController.swift in Sources */ = {isa = PBXBuildFile; fileRef = FBA3BBEC1CEB1BF7004AF688 /* BaseViewController.swift */; };
		FBA3E6091CED962A0061C102 /* CustomInteractionController.swift in Sources */ = {isa = PBXBuildFile; fileRef = FBA3E6081CED962A0061C102 /* CustomInteractionController.swift */; };
		FBA3E60B1CEDA9510061C102 /* PopAnimation.swift in Sources */ = {isa = PBXBuildFile; fileRef = FBA3E60A1CEDA9510061C102 /* PopAnimation.swift */; };
		FBB2AF2C1D0B0BFE00F82CD2 /* GoogleStreetView.swift in Sources */ = {isa = PBXBuildFile; fileRef = FBB2AF2B1D0B0BFE00F82CD2 /* GoogleStreetView.swift */; };
		FBD891451D159DB200658F75 /* CustomRefresh.swift in Sources */ = {isa = PBXBuildFile; fileRef = FBD891441D159DB200658F75 /* CustomRefresh.swift */; };
/* End PBXBuildFile section */

/* Begin PBXContainerItemProxy section */
		FB81F34C1CE6CFD500FA4B67 /* PBXContainerItemProxy */ = {
			isa = PBXContainerItemProxy;
			containerPortal = FB81F32F1CE6CFD500FA4B67 /* Project object */;
			proxyType = 1;
			remoteGlobalIDString = FB81F3361CE6CFD500FA4B67;
			remoteInfo = TaipeiTrackRubbishTruck;
		};
		FB81F3571CE6CFD500FA4B67 /* PBXContainerItemProxy */ = {
			isa = PBXContainerItemProxy;
			containerPortal = FB81F32F1CE6CFD500FA4B67 /* Project object */;
			proxyType = 1;
			remoteGlobalIDString = FB81F3361CE6CFD500FA4B67;
			remoteInfo = TaipeiTrackRubbishTruck;
		};
/* End PBXContainerItemProxy section */

/* Begin PBXFileReference section */
		41654B321D45A68F0026992E /* GoogleDataProvider.swift */ = {isa = PBXFileReference; fileEncoding = 4; lastKnownFileType = sourcecode.swift; name = GoogleDataProvider.swift; path = Model/GoogleDataProvider.swift; sourceTree = "<group>"; };
		41654B4B1D45B10B0026992E /* GooglePlace.swift */ = {isa = PBXFileReference; fileEncoding = 4; lastKnownFileType = sourcecode.swift; path = GooglePlace.swift; sourceTree = "<group>"; };
		41654B4D1D45B1290026992E /* PlaceMarker.swift */ = {isa = PBXFileReference; fileEncoding = 4; lastKnownFileType = sourcecode.swift; path = PlaceMarker.swift; sourceTree = "<group>"; };
		41654B4F1D45B1AC0026992E /* UIViewExtension.swift */ = {isa = PBXFileReference; fileEncoding = 4; lastKnownFileType = sourcecode.swift; path = UIViewExtension.swift; sourceTree = "<group>"; };
		41654B521D45B4900026992E /* LICENSE */ = {isa = PBXFileReference; fileEncoding = 4; lastKnownFileType = text; path = LICENSE; sourceTree = "<group>"; };
		41654B531D45B4900026992E /* README.md */ = {isa = PBXFileReference; fileEncoding = 4; lastKnownFileType = net.daringfireball.markdown; path = README.md; sourceTree = "<group>"; };
		41654B551D45B4900026992E /* SwiftyJSON.swift */ = {isa = PBXFileReference; fileEncoding = 4; lastKnownFileType = sourcecode.swift; path = SwiftyJSON.swift; sourceTree = "<group>"; };
		41654B591D45F06F0026992E /* TaipeiDataServers.swift */ = {isa = PBXFileReference; fileEncoding = 4; lastKnownFileType = sourcecode.swift; path = TaipeiDataServers.swift; sourceTree = "<group>"; };
		4A9F38B2D94116C6F6FBEF62 /* Pods_TaipeiTrackRubbishTruckUITests.framework */ = {isa = PBXFileReference; explicitFileType = wrapper.framework; includeInIndex = 0; path = Pods_TaipeiTrackRubbishTruckUITests.framework; sourceTree = BUILT_PRODUCTS_DIR; };
		51F4B422BFE5E7E8D357BA6C /* Pods-TaipeiTrackRubbishTruck.release.xcconfig */ = {isa = PBXFileReference; includeInIndex = 1; lastKnownFileType = text.xcconfig; name = "Pods-TaipeiTrackRubbishTruck.release.xcconfig"; path = "Pods/Target Support Files/Pods-TaipeiTrackRubbishTruck/Pods-TaipeiTrackRubbishTruck.release.xcconfig"; sourceTree = "<group>"; };
		A455D5DF7CB2099924213C9E /* Pods-TaipeiTrackRubbishTruckTests.release.xcconfig */ = {isa = PBXFileReference; includeInIndex = 1; lastKnownFileType = text.xcconfig; name = "Pods-TaipeiTrackRubbishTruckTests.release.xcconfig"; path = "Pods/Target Support Files/Pods-TaipeiTrackRubbishTruckTests/Pods-TaipeiTrackRubbishTruckTests.release.xcconfig"; sourceTree = "<group>"; };
		AF36C8FA05E5BE9D1B44C1A4 /* Pods-TaipeiTrackRubbishTruck.debug.xcconfig */ = {isa = PBXFileReference; includeInIndex = 1; lastKnownFileType = text.xcconfig; name = "Pods-TaipeiTrackRubbishTruck.debug.xcconfig"; path = "Pods/Target Support Files/Pods-TaipeiTrackRubbishTruck/Pods-TaipeiTrackRubbishTruck.debug.xcconfig"; sourceTree = "<group>"; };
		B09886A3FD10939FCFCFAE2E /* Pods_TaipeiTrackRubbishTruck.framework */ = {isa = PBXFileReference; explicitFileType = wrapper.framework; includeInIndex = 0; path = Pods_TaipeiTrackRubbishTruck.framework; sourceTree = BUILT_PRODUCTS_DIR; };
		C8098CB42DA76595B9DDD727 /* Pods-TaipeiTrackRubbishTruckTests.debug.xcconfig */ = {isa = PBXFileReference; includeInIndex = 1; lastKnownFileType = text.xcconfig; name = "Pods-TaipeiTrackRubbishTruckTests.debug.xcconfig"; path = "Pods/Target Support Files/Pods-TaipeiTrackRubbishTruckTests/Pods-TaipeiTrackRubbishTruckTests.debug.xcconfig"; sourceTree = "<group>"; };
		E62F6A393868476D46497B05 /* Pods-TaipeiTrackRubbishTruckUITests.release.xcconfig */ = {isa = PBXFileReference; includeInIndex = 1; lastKnownFileType = text.xcconfig; name = "Pods-TaipeiTrackRubbishTruckUITests.release.xcconfig"; path = "Pods/Target Support Files/Pods-TaipeiTrackRubbishTruckUITests/Pods-TaipeiTrackRubbishTruckUITests.release.xcconfig"; sourceTree = "<group>"; };
		E7107A8B09D8552C1A3D1F97 /* Pods-TaipeiTrackRubbishTruckUITests.debug.xcconfig */ = {isa = PBXFileReference; includeInIndex = 1; lastKnownFileType = text.xcconfig; name = "Pods-TaipeiTrackRubbishTruckUITests.debug.xcconfig"; path = "Pods/Target Support Files/Pods-TaipeiTrackRubbishTruckUITests/Pods-TaipeiTrackRubbishTruckUITests.debug.xcconfig"; sourceTree = "<group>"; };
		FB5878841D0A966500D121DA /* MapKit.framework */ = {isa = PBXFileReference; lastKnownFileType = wrapper.framework; name = MapKit.framework; path = System/Library/Frameworks/MapKit.framework; sourceTree = SDKROOT; };
		FB5878861D0A995300D121DA /* AVFoundation.framework */ = {isa = PBXFileReference; lastKnownFileType = wrapper.framework; name = AVFoundation.framework; path = System/Library/Frameworks/AVFoundation.framework; sourceTree = SDKROOT; };
		FB5878881D0A995D00D121DA /* CoreData.framework */ = {isa = PBXFileReference; lastKnownFileType = wrapper.framework; name = CoreData.framework; path = System/Library/Frameworks/CoreData.framework; sourceTree = SDKROOT; };
		FB58788A1D0A996E00D121DA /* CoreLocation.framework */ = {isa = PBXFileReference; lastKnownFileType = wrapper.framework; name = CoreLocation.framework; path = System/Library/Frameworks/CoreLocation.framework; sourceTree = SDKROOT; };
		FB58788C1D0A997700D121DA /* CoreText.framework */ = {isa = PBXFileReference; lastKnownFileType = wrapper.framework; name = CoreText.framework; path = System/Library/Frameworks/CoreText.framework; sourceTree = SDKROOT; };
		FB58788E1D0A997F00D121DA /* GLKit.framework */ = {isa = PBXFileReference; lastKnownFileType = wrapper.framework; name = GLKit.framework; path = System/Library/Frameworks/GLKit.framework; sourceTree = SDKROOT; };
		FB5878901D0A998800D121DA /* ImageIO.framework */ = {isa = PBXFileReference; lastKnownFileType = wrapper.framework; name = ImageIO.framework; path = System/Library/Frameworks/ImageIO.framework; sourceTree = SDKROOT; };
		FB5878921D0A999900D121DA /* libc++.tbd */ = {isa = PBXFileReference; lastKnownFileType = "sourcecode.text-based-dylib-definition"; name = "libc++.tbd"; path = "usr/lib/libc++.tbd"; sourceTree = SDKROOT; };
		FB5878941D0A99AA00D121DA /* libicucore.tbd */ = {isa = PBXFileReference; lastKnownFileType = "sourcecode.text-based-dylib-definition"; name = libicucore.tbd; path = usr/lib/libicucore.tbd; sourceTree = SDKROOT; };
		FB5878961D0A99B400D121DA /* libz.tbd */ = {isa = PBXFileReference; lastKnownFileType = "sourcecode.text-based-dylib-definition"; name = libz.tbd; path = usr/lib/libz.tbd; sourceTree = SDKROOT; };
		FB5878981D0A99BC00D121DA /* OpenGLES.framework */ = {isa = PBXFileReference; lastKnownFileType = wrapper.framework; name = OpenGLES.framework; path = System/Library/Frameworks/OpenGLES.framework; sourceTree = SDKROOT; };
		FB58789A1D0A99CF00D121DA /* QuartzCore.framework */ = {isa = PBXFileReference; lastKnownFileType = wrapper.framework; name = QuartzCore.framework; path = System/Library/Frameworks/QuartzCore.framework; sourceTree = SDKROOT; };
		FB58789C1D0A99D700D121DA /* SystemConfiguration.framework */ = {isa = PBXFileReference; lastKnownFileType = wrapper.framework; name = SystemConfiguration.framework; path = System/Library/Frameworks/SystemConfiguration.framework; sourceTree = SDKROOT; };
		FB7F96441D1ACEDF0042819F /* GoogleService-Info.plist */ = {isa = PBXFileReference; fileEncoding = 4; lastKnownFileType = text.plist.xml; path = "GoogleService-Info.plist"; sourceTree = "<group>"; };
		FB81F3371CE6CFD500FA4B67 /* TaipeiTrackRubbishTruck.app */ = {isa = PBXFileReference; explicitFileType = wrapper.application; includeInIndex = 0; path = TaipeiTrackRubbishTruck.app; sourceTree = BUILT_PRODUCTS_DIR; };
		FB81F33A1CE6CFD500FA4B67 /* AppDelegate.swift */ = {isa = PBXFileReference; lastKnownFileType = sourcecode.swift; path = AppDelegate.swift; sourceTree = "<group>"; };
		FB81F33F1CE6CFD500FA4B67 /* Base */ = {isa = PBXFileReference; lastKnownFileType = file.storyboard; name = Base; path = Base.lproj/Main.storyboard; sourceTree = "<group>"; };
		FB81F3411CE6CFD500FA4B67 /* Assets.xcassets */ = {isa = PBXFileReference; lastKnownFileType = folder.assetcatalog; path = Assets.xcassets; sourceTree = "<group>"; };
		FB81F3441CE6CFD500FA4B67 /* Base */ = {isa = PBXFileReference; lastKnownFileType = file.storyboard; name = Base; path = Base.lproj/LaunchScreen.storyboard; sourceTree = "<group>"; };
		FB81F3461CE6CFD500FA4B67 /* Info.plist */ = {isa = PBXFileReference; lastKnownFileType = text.plist.xml; path = Info.plist; sourceTree = "<group>"; };
		FB81F34B1CE6CFD500FA4B67 /* TaipeiTrackRubbishTruckTests.xctest */ = {isa = PBXFileReference; explicitFileType = wrapper.cfbundle; includeInIndex = 0; path = TaipeiTrackRubbishTruckTests.xctest; sourceTree = BUILT_PRODUCTS_DIR; };
		FB81F34F1CE6CFD500FA4B67 /* TaipeiTrackRubbishTruckTests.swift */ = {isa = PBXFileReference; lastKnownFileType = sourcecode.swift; path = TaipeiTrackRubbishTruckTests.swift; sourceTree = "<group>"; };
		FB81F3511CE6CFD500FA4B67 /* Info.plist */ = {isa = PBXFileReference; lastKnownFileType = text.plist.xml; path = Info.plist; sourceTree = "<group>"; };
		FB81F3561CE6CFD500FA4B67 /* TaipeiTrackRubbishTruckUITests.xctest */ = {isa = PBXFileReference; explicitFileType = wrapper.cfbundle; includeInIndex = 0; path = TaipeiTrackRubbishTruckUITests.xctest; sourceTree = BUILT_PRODUCTS_DIR; };
		FB81F35A1CE6CFD500FA4B67 /* TaipeiTrackRubbishTruckUITests.swift */ = {isa = PBXFileReference; lastKnownFileType = sourcecode.swift; path = TaipeiTrackRubbishTruckUITests.swift; sourceTree = "<group>"; };
		FB81F35C1CE6CFD500FA4B67 /* Info.plist */ = {isa = PBXFileReference; lastKnownFileType = text.plist.xml; path = Info.plist; sourceTree = "<group>"; };
		FB81F36C1CE6D24700FA4B67 /* Constant.swift */ = {isa = PBXFileReference; fileEncoding = 4; lastKnownFileType = sourcecode.swift; path = Constant.swift; sourceTree = "<group>"; };
		FB81F36E1CE6D2E300FA4B67 /* RubbishTruckController.swift */ = {isa = PBXFileReference; fileEncoding = 4; lastKnownFileType = sourcecode.swift; path = RubbishTruckController.swift; sourceTree = "<group>"; };
		FB81F3701CE6D50C00FA4B67 /* TaipeiTrackRubbishTruck-Bridging-Header.h */ = {isa = PBXFileReference; lastKnownFileType = sourcecode.c.h; path = "TaipeiTrackRubbishTruck-Bridging-Header.h"; sourceTree = "<group>"; };
		FB81F3741CE997ED00FA4B67 /* NSDictionary+Unicode.m */ = {isa = PBXFileReference; fileEncoding = 4; lastKnownFileType = sourcecode.c.objc; name = "NSDictionary+Unicode.m"; path = "Uility/NSDictionary+Unicode.m"; sourceTree = "<group>"; };
		FB81F3771CE99EDD00FA4B67 /* Rubbish.swift */ = {isa = PBXFileReference; fileEncoding = 4; lastKnownFileType = sourcecode.swift; path = Rubbish.swift; sourceTree = "<group>"; };
		FB81F37C1CE9B11B00FA4B67 /* RubbishTableViewCell.swift */ = {isa = PBXFileReference; fileEncoding = 4; lastKnownFileType = sourcecode.swift; name = RubbishTableViewCell.swift; path = View/RubbishTableViewCell.swift; sourceTree = "<group>"; };
		FB878A7F1CF2000B0011FF04 /* iAd.framework */ = {isa = PBXFileReference; lastKnownFileType = wrapper.framework; name = iAd.framework; path = System/Library/Frameworks/iAd.framework; sourceTree = SDKROOT; };
		FB878A811CF2CC5D0011FF04 /* GoogleMapViewController.swift */ = {isa = PBXFileReference; fileEncoding = 4; lastKnownFileType = sourcecode.swift; name = GoogleMapViewController.swift; path = Controller/GoogleMapViewController.swift; sourceTree = "<group>"; };
		FB9BF9731CEB323700659977 /* Reachability.swift */ = {isa = PBXFileReference; fileEncoding = 4; lastKnownFileType = sourcecode.swift; name = Reachability.swift; path = Servers/Reachability.swift; sourceTree = "<group>"; };
		FB9BF9761CEB388F00659977 /* MenuTransitionMansger.swift */ = {isa = PBXFileReference; fileEncoding = 4; lastKnownFileType = sourcecode.swift; name = MenuTransitionMansger.swift; path = View/Animation/MenuTransitionMansger.swift; sourceTree = "<group>"; };
		FBA2583A1CE9FBAC00A4E761 /* NewTaipeiAreaController.swift */ = {isa = PBXFileReference; fileEncoding = 4; lastKnownFileType = sourcecode.swift; name = NewTaipeiAreaController.swift; path = Controller/NewTaipeiAreaController.swift; sourceTree = "<group>"; };
		FBA3BBEC1CEB1BF7004AF688 /* BaseViewController.swift */ = {isa = PBXFileReference; fileEncoding = 4; lastKnownFileType = sourcecode.swift; name = BaseViewController.swift; path = Controller/BaseViewController.swift; sourceTree = "<group>"; };
		FBA3E6081CED962A0061C102 /* CustomInteractionController.swift */ = {isa = PBXFileReference; fileEncoding = 4; lastKnownFileType = sourcecode.swift; path = CustomInteractionController.swift; sourceTree = "<group>"; };
		FBA3E60A1CEDA9510061C102 /* PopAnimation.swift */ = {isa = PBXFileReference; fileEncoding = 4; lastKnownFileType = sourcecode.swift; path = PopAnimation.swift; sourceTree = "<group>"; };
		FBB2AF2B1D0B0BFE00F82CD2 /* GoogleStreetView.swift */ = {isa = PBXFileReference; fileEncoding = 4; lastKnownFileType = sourcecode.swift; name = GoogleStreetView.swift; path = View/GoogleStreetView.swift; sourceTree = "<group>"; };
		FBD891441D159DB200658F75 /* CustomRefresh.swift */ = {isa = PBXFileReference; fileEncoding = 4; lastKnownFileType = sourcecode.swift; name = CustomRefresh.swift; path = "Custom UI/CustomRefresh.swift"; sourceTree = "<group>"; };
		FEFED55A983A946BB6F07E54 /* Pods_TaipeiTrackRubbishTruckTests.framework */ = {isa = PBXFileReference; explicitFileType = wrapper.framework; includeInIndex = 0; path = Pods_TaipeiTrackRubbishTruckTests.framework; sourceTree = BUILT_PRODUCTS_DIR; };
/* End PBXFileReference section */

/* Begin PBXFrameworksBuildPhase section */
		FB81F3341CE6CFD500FA4B67 /* Frameworks */ = {
			isa = PBXFrameworksBuildPhase;
			buildActionMask = 2147483647;
			files = (
				FB5878891D0A995D00D121DA /* CoreData.framework in Frameworks */,
				E9141655407FE08E8BE595DE /* Pods_TaipeiTrackRubbishTruck.framework in Frameworks */,
			);
			runOnlyForDeploymentPostprocessing = 0;
		};
		FB81F3481CE6CFD500FA4B67 /* Frameworks */ = {
			isa = PBXFrameworksBuildPhase;
			buildActionMask = 2147483647;
			files = (
				BB57423D9C117288B9083464 /* Pods_TaipeiTrackRubbishTruckTests.framework in Frameworks */,
			);
			runOnlyForDeploymentPostprocessing = 0;
		};
		FB81F3531CE6CFD500FA4B67 /* Frameworks */ = {
			isa = PBXFrameworksBuildPhase;
			buildActionMask = 2147483647;
			files = (
				1F8B9176212CDCE229C9CB8D /* Pods_TaipeiTrackRubbishTruckUITests.framework in Frameworks */,
			);
			runOnlyForDeploymentPostprocessing = 0;
		};
/* End PBXFrameworksBuildPhase section */

/* Begin PBXGroup section */
		14CD14DEE044878F41D42AEE /* Frameworks */ = {
			isa = PBXGroup;
			children = (
				FB58789C1D0A99D700D121DA /* SystemConfiguration.framework */,
				FB58789A1D0A99CF00D121DA /* QuartzCore.framework */,
				FB5878981D0A99BC00D121DA /* OpenGLES.framework */,
				FB5878961D0A99B400D121DA /* libz.tbd */,
				FB5878941D0A99AA00D121DA /* libicucore.tbd */,
				FB5878921D0A999900D121DA /* libc++.tbd */,
				FB5878901D0A998800D121DA /* ImageIO.framework */,
				FB58788E1D0A997F00D121DA /* GLKit.framework */,
				FB58788C1D0A997700D121DA /* CoreText.framework */,
				FB58788A1D0A996E00D121DA /* CoreLocation.framework */,
				FB5878881D0A995D00D121DA /* CoreData.framework */,
				FB5878861D0A995300D121DA /* AVFoundation.framework */,
				FB5878841D0A966500D121DA /* MapKit.framework */,
				FB878A7F1CF2000B0011FF04 /* iAd.framework */,
				B09886A3FD10939FCFCFAE2E /* Pods_TaipeiTrackRubbishTruck.framework */,
				FEFED55A983A946BB6F07E54 /* Pods_TaipeiTrackRubbishTruckTests.framework */,
				4A9F38B2D94116C6F6FBEF62 /* Pods_TaipeiTrackRubbishTruckUITests.framework */,
			);
			name = Frameworks;
			sourceTree = "<group>";
		};
		41654B511D45B4900026992E /* SwiftyJSON */ = {
			isa = PBXGroup;
			children = (
				41654B521D45B4900026992E /* LICENSE */,
				41654B531D45B4900026992E /* README.md */,
				41654B541D45B4900026992E /* Source */,
			);
			path = SwiftyJSON;
			sourceTree = "<group>";
		};
		41654B541D45B4900026992E /* Source */ = {
			isa = PBXGroup;
			children = (
				41654B551D45B4900026992E /* SwiftyJSON.swift */,
			);
			path = Source;
			sourceTree = "<group>";
		};
		B93B2465CCE103D243E6B818 /* Pods */ = {
			isa = PBXGroup;
			children = (
				AF36C8FA05E5BE9D1B44C1A4 /* Pods-TaipeiTrackRubbishTruck.debug.xcconfig */,
				51F4B422BFE5E7E8D357BA6C /* Pods-TaipeiTrackRubbishTruck.release.xcconfig */,
				C8098CB42DA76595B9DDD727 /* Pods-TaipeiTrackRubbishTruckTests.debug.xcconfig */,
				A455D5DF7CB2099924213C9E /* Pods-TaipeiTrackRubbishTruckTests.release.xcconfig */,
				E7107A8B09D8552C1A3D1F97 /* Pods-TaipeiTrackRubbishTruckUITests.debug.xcconfig */,
				E62F6A393868476D46497B05 /* Pods-TaipeiTrackRubbishTruckUITests.release.xcconfig */,
			);
			name = Pods;
			sourceTree = "<group>";
		};
		FB81F32E1CE6CFD500FA4B67 = {
			isa = PBXGroup;
			children = (
				FB81F3391CE6CFD500FA4B67 /* TaipeiTrackRubbishTruck */,
				FB81F34E1CE6CFD500FA4B67 /* TaipeiTrackRubbishTruckTests */,
				FB81F3591CE6CFD500FA4B67 /* TaipeiTrackRubbishTruckUITests */,
				FB81F3381CE6CFD500FA4B67 /* Products */,
				14CD14DEE044878F41D42AEE /* Frameworks */,
				B93B2465CCE103D243E6B818 /* Pods */,
			);
			sourceTree = "<group>";
		};
		FB81F3381CE6CFD500FA4B67 /* Products */ = {
			isa = PBXGroup;
			children = (
				FB81F3371CE6CFD500FA4B67 /* TaipeiTrackRubbishTruck.app */,
				FB81F34B1CE6CFD500FA4B67 /* TaipeiTrackRubbishTruckTests.xctest */,
				FB81F3561CE6CFD500FA4B67 /* TaipeiTrackRubbishTruckUITests.xctest */,
			);
			name = Products;
			sourceTree = "<group>";
		};
		FB81F3391CE6CFD500FA4B67 /* TaipeiTrackRubbishTruck */ = {
			isa = PBXGroup;
			children = (
				FB81F36B1CE6D1E200FA4B67 /* Model */,
				FB81F36A1CE6D1D600FA4B67 /* Controller */,
				FBD891431D159D4C00658F75 /* Custom UI */,
				FB81F3691CE6D1CB00FA4B67 /* View */,
				FB81F3681CE6D1B000FA4B67 /* Uility */,
				FB81F33A1CE6CFD500FA4B67 /* AppDelegate.swift */,
				41654B511D45B4900026992E /* SwiftyJSON */,
				FB7F96441D1ACEDF0042819F /* GoogleService-Info.plist */,
				FB81F33E1CE6CFD500FA4B67 /* Main.storyboard */,
				FB81F3411CE6CFD500FA4B67 /* Assets.xcassets */,
				FB81F3431CE6CFD500FA4B67 /* LaunchScreen.storyboard */,
				FB81F3461CE6CFD500FA4B67 /* Info.plist */,
			);
			path = TaipeiTrackRubbishTruck;
			sourceTree = "<group>";
		};
		FB81F34E1CE6CFD500FA4B67 /* TaipeiTrackRubbishTruckTests */ = {
			isa = PBXGroup;
			children = (
				FB81F34F1CE6CFD500FA4B67 /* TaipeiTrackRubbishTruckTests.swift */,
				FB81F3511CE6CFD500FA4B67 /* Info.plist */,
			);
			path = TaipeiTrackRubbishTruckTests;
			sourceTree = "<group>";
		};
		FB81F3591CE6CFD500FA4B67 /* TaipeiTrackRubbishTruckUITests */ = {
			isa = PBXGroup;
			children = (
				FB81F35A1CE6CFD500FA4B67 /* TaipeiTrackRubbishTruckUITests.swift */,
				FB81F35C1CE6CFD500FA4B67 /* Info.plist */,
			);
			path = TaipeiTrackRubbishTruckUITests;
			sourceTree = "<group>";
		};
		FB81F3681CE6D1B000FA4B67 /* Uility */ = {
			isa = PBXGroup;
			children = (
				FB81F36C1CE6D24700FA4B67 /* Constant.swift */,
				FB81F3701CE6D50C00FA4B67 /* TaipeiTrackRubbishTruck-Bridging-Header.h */,
				FB81F3741CE997ED00FA4B67 /* NSDictionary+Unicode.m */,
			);
			name = Uility;
			sourceTree = "<group>";
		};
		FB81F3691CE6D1CB00FA4B67 /* View */ = {
			isa = PBXGroup;
			children = (
				FB9BF9751CEB384A00659977 /* Animation */,
				FB81F37C1CE9B11B00FA4B67 /* RubbishTableViewCell.swift */,
				FBB2AF2B1D0B0BFE00F82CD2 /* GoogleStreetView.swift */,
				41654B4F1D45B1AC0026992E /* UIViewExtension.swift */,
			);
			name = View;
			sourceTree = "<group>";
		};
		FB81F36A1CE6D1D600FA4B67 /* Controller */ = {
			isa = PBXGroup;
			children = (
				FB81F36E1CE6D2E300FA4B67 /* RubbishTruckController.swift */,
				FBA2583A1CE9FBAC00A4E761 /* NewTaipeiAreaController.swift */,
				FBA3BBEC1CEB1BF7004AF688 /* BaseViewController.swift */,
				FB878A811CF2CC5D0011FF04 /* GoogleMapViewController.swift */,
			);
			name = Controller;
			sourceTree = "<group>";
		};
		FB81F36B1CE6D1E200FA4B67 /* Model */ = {
			isa = PBXGroup;
			children = (
				FB81F3761CE99E5B00FA4B67 /* Servers */,
				FB81F3771CE99EDD00FA4B67 /* Rubbish.swift */,
				41654B321D45A68F0026992E /* GoogleDataProvider.swift */,
				41654B4B1D45B10B0026992E /* GooglePlace.swift */,
				41654B4D1D45B1290026992E /* PlaceMarker.swift */,
			);
			name = Model;
			sourceTree = "<group>";
		};
		FB81F3761CE99E5B00FA4B67 /* Servers */ = {
			isa = PBXGroup;
			children = (
				FB9BF9731CEB323700659977 /* Reachability.swift */,
				41654B591D45F06F0026992E /* TaipeiDataServers.swift */,
			);
			name = Servers;
			sourceTree = "<group>";
		};
		FB9BF9751CEB384A00659977 /* Animation */ = {
			isa = PBXGroup;
			children = (
				FB9BF9761CEB388F00659977 /* MenuTransitionMansger.swift */,
				FBA3E6081CED962A0061C102 /* CustomInteractionController.swift */,
				FBA3E60A1CEDA9510061C102 /* PopAnimation.swift */,
			);
			name = Animation;
			sourceTree = "<group>";
		};
		FBD891431D159D4C00658F75 /* Custom UI */ = {
			isa = PBXGroup;
			children = (
				FBD891441D159DB200658F75 /* CustomRefresh.swift */,
			);
			name = "Custom UI";
			sourceTree = "<group>";
		};
/* End PBXGroup section */

/* Begin PBXNativeTarget section */
		FB81F3361CE6CFD500FA4B67 /* TaipeiTrackRubbishTruck */ = {
			isa = PBXNativeTarget;
			buildConfigurationList = FB81F35F1CE6CFD500FA4B67 /* Build configuration list for PBXNativeTarget "TaipeiTrackRubbishTruck" */;
			buildPhases = (
				45BF15A980532F9675AC7C24 /* [CP] Check Pods Manifest.lock */,
				FB81F3331CE6CFD500FA4B67 /* Sources */,
				FB81F3341CE6CFD500FA4B67 /* Frameworks */,
				FB81F3351CE6CFD500FA4B67 /* Resources */,
				0FB17B23F8EAFAB6B3E59D9C /* [CP] Embed Pods Frameworks */,
				8ABE415D062AE3CA6BE89994 /* [CP] Copy Pods Resources */,
			);
			buildRules = (
			);
			dependencies = (
			);
			name = TaipeiTrackRubbishTruck;
			productName = TaipeiTrackRubbishTruck;
			productReference = FB81F3371CE6CFD500FA4B67 /* TaipeiTrackRubbishTruck.app */;
			productType = "com.apple.product-type.application";
		};
		FB81F34A1CE6CFD500FA4B67 /* TaipeiTrackRubbishTruckTests */ = {
			isa = PBXNativeTarget;
			buildConfigurationList = FB81F3621CE6CFD500FA4B67 /* Build configuration list for PBXNativeTarget "TaipeiTrackRubbishTruckTests" */;
			buildPhases = (
				6CEDD51AF595260A65A62C51 /* [CP] Check Pods Manifest.lock */,
				FB81F3471CE6CFD500FA4B67 /* Sources */,
				FB81F3481CE6CFD500FA4B67 /* Frameworks */,
				FB81F3491CE6CFD500FA4B67 /* Resources */,
				4024F36711324B427D9790FD /* [CP] Embed Pods Frameworks */,
				4E1F50E9185C3D91DC2909FD /* [CP] Copy Pods Resources */,
			);
			buildRules = (
			);
			dependencies = (
				FB81F34D1CE6CFD500FA4B67 /* PBXTargetDependency */,
			);
			name = TaipeiTrackRubbishTruckTests;
			productName = TaipeiTrackRubbishTruckTests;
			productReference = FB81F34B1CE6CFD500FA4B67 /* TaipeiTrackRubbishTruckTests.xctest */;
			productType = "com.apple.product-type.bundle.unit-test";
		};
		FB81F3551CE6CFD500FA4B67 /* TaipeiTrackRubbishTruckUITests */ = {
			isa = PBXNativeTarget;
			buildConfigurationList = FB81F3651CE6CFD500FA4B67 /* Build configuration list for PBXNativeTarget "TaipeiTrackRubbishTruckUITests" */;
			buildPhases = (
				174E2B6190DF4E40D46F86A2 /* [CP] Check Pods Manifest.lock */,
				FB81F3521CE6CFD500FA4B67 /* Sources */,
				FB81F3531CE6CFD500FA4B67 /* Frameworks */,
				FB81F3541CE6CFD500FA4B67 /* Resources */,
				AF20D0F8D67DF36B40C59BA2 /* [CP] Copy Pods Resources */,
			);
			buildRules = (
			);
			dependencies = (
				FB81F3581CE6CFD500FA4B67 /* PBXTargetDependency */,
			);
			name = TaipeiTrackRubbishTruckUITests;
			productName = TaipeiTrackRubbishTruckUITests;
			productReference = FB81F3561CE6CFD500FA4B67 /* TaipeiTrackRubbishTruckUITests.xctest */;
			productType = "com.apple.product-type.bundle.ui-testing";
		};
/* End PBXNativeTarget section */

/* Begin PBXProject section */
		FB81F32F1CE6CFD500FA4B67 /* Project object */ = {
			isa = PBXProject;
			attributes = {
				LastSwiftMigration = 0730;
				LastSwiftUpdateCheck = 0730;
				LastUpgradeCheck = 0730;
				ORGANIZATIONNAME = CENGLIN;
				TargetAttributes = {
					FB81F3361CE6CFD500FA4B67 = {
						CreatedOnToolsVersion = 7.3.1;
						DevelopmentTeam = 7LVJW6YG74;
						LastSwiftMigration = 0800;
						SystemCapabilities = {
							com.apple.BackgroundModes = {
								enabled = 1;
							};
							com.apple.Maps.iOS = {
								enabled = 0;
							};
							com.apple.Push = {
								enabled = 1;
							};
						};
					};
					FB81F34A1CE6CFD500FA4B67 = {
						CreatedOnToolsVersion = 7.3.1;
						LastSwiftMigration = 0800;
						TestTargetID = FB81F3361CE6CFD500FA4B67;
					};
					FB81F3551CE6CFD500FA4B67 = {
						CreatedOnToolsVersion = 7.3.1;
						LastSwiftMigration = 0800;
						TestTargetID = FB81F3361CE6CFD500FA4B67;
					};
				};
			};
			buildConfigurationList = FB81F3321CE6CFD500FA4B67 /* Build configuration list for PBXProject "TaipeiTrackRubbishTruck" */;
			compatibilityVersion = "Xcode 3.2";
			developmentRegion = English;
			hasScannedForEncodings = 0;
			knownRegions = (
				en,
				Base,
			);
			mainGroup = FB81F32E1CE6CFD500FA4B67;
			productRefGroup = FB81F3381CE6CFD500FA4B67 /* Products */;
			projectDirPath = "";
			projectRoot = "";
			targets = (
				FB81F3361CE6CFD500FA4B67 /* TaipeiTrackRubbishTruck */,
				FB81F34A1CE6CFD500FA4B67 /* TaipeiTrackRubbishTruckTests */,
				FB81F3551CE6CFD500FA4B67 /* TaipeiTrackRubbishTruckUITests */,
			);
		};
/* End PBXProject section */

/* Begin PBXResourcesBuildPhase section */
		FB81F3351CE6CFD500FA4B67 /* Resources */ = {
			isa = PBXResourcesBuildPhase;
			buildActionMask = 2147483647;
			files = (
				FB81F3451CE6CFD500FA4B67 /* LaunchScreen.storyboard in Resources */,
				FB7F96451D1ACEDF0042819F /* GoogleService-Info.plist in Resources */,
				FB81F3421CE6CFD500FA4B67 /* Assets.xcassets in Resources */,
				FB81F3401CE6CFD500FA4B67 /* Main.storyboard in Resources */,
				41654B561D45B4900026992E /* LICENSE in Resources */,
			);
			runOnlyForDeploymentPostprocessing = 0;
		};
		FB81F3491CE6CFD500FA4B67 /* Resources */ = {
			isa = PBXResourcesBuildPhase;
			buildActionMask = 2147483647;
			files = (
			);
			runOnlyForDeploymentPostprocessing = 0;
		};
		FB81F3541CE6CFD500FA4B67 /* Resources */ = {
			isa = PBXResourcesBuildPhase;
			buildActionMask = 2147483647;
			files = (
			);
			runOnlyForDeploymentPostprocessing = 0;
		};
/* End PBXResourcesBuildPhase section */

/* Begin PBXShellScriptBuildPhase section */
		0FB17B23F8EAFAB6B3E59D9C /* [CP] Embed Pods Frameworks */ = {
			isa = PBXShellScriptBuildPhase;
			buildActionMask = 2147483647;
			files = (
			);
			inputPaths = (
			);
			name = "[CP] Embed Pods Frameworks";
			outputPaths = (
			);
			runOnlyForDeploymentPostprocessing = 0;
			shellPath = /bin/sh;
			shellScript = "\"${SRCROOT}/Pods/Target Support Files/Pods-TaipeiTrackRubbishTruck/Pods-TaipeiTrackRubbishTruck-frameworks.sh\"\n";
			showEnvVarsInLog = 0;
		};
		174E2B6190DF4E40D46F86A2 /* [CP] Check Pods Manifest.lock */ = {
			isa = PBXShellScriptBuildPhase;
			buildActionMask = 2147483647;
			files = (
			);
			inputPaths = (
			);
			name = "[CP] Check Pods Manifest.lock";
			outputPaths = (
			);
			runOnlyForDeploymentPostprocessing = 0;
			shellPath = /bin/sh;
			shellScript = "diff \"${PODS_ROOT}/../Podfile.lock\" \"${PODS_ROOT}/Manifest.lock\" > /dev/null\nif [[ $? != 0 ]] ; then\n    cat << EOM\nerror: The sandbox is not in sync with the Podfile.lock. Run 'pod install' or update your CocoaPods installation.\nEOM\n    exit 1\nfi\n";
			showEnvVarsInLog = 0;
		};
		4024F36711324B427D9790FD /* [CP] Embed Pods Frameworks */ = {
			isa = PBXShellScriptBuildPhase;
			buildActionMask = 2147483647;
			files = (
			);
			inputPaths = (
			);
			name = "[CP] Embed Pods Frameworks";
			outputPaths = (
			);
			runOnlyForDeploymentPostprocessing = 0;
			shellPath = /bin/sh;
			shellScript = "\"${SRCROOT}/Pods/Target Support Files/Pods-TaipeiTrackRubbishTruckTests/Pods-TaipeiTrackRubbishTruckTests-frameworks.sh\"\n";
			showEnvVarsInLog = 0;
		};
		45BF15A980532F9675AC7C24 /* [CP] Check Pods Manifest.lock */ = {
			isa = PBXShellScriptBuildPhase;
			buildActionMask = 2147483647;
			files = (
			);
			inputPaths = (
			);
			name = "[CP] Check Pods Manifest.lock";
			outputPaths = (
			);
			runOnlyForDeploymentPostprocessing = 0;
			shellPath = /bin/sh;
			shellScript = "diff \"${PODS_ROOT}/../Podfile.lock\" \"${PODS_ROOT}/Manifest.lock\" > /dev/null\nif [[ $? != 0 ]] ; then\n    cat << EOM\nerror: The sandbox is not in sync with the Podfile.lock. Run 'pod install' or update your CocoaPods installation.\nEOM\n    exit 1\nfi\n";
			showEnvVarsInLog = 0;
		};
		4E1F50E9185C3D91DC2909FD /* [CP] Copy Pods Resources */ = {
			isa = PBXShellScriptBuildPhase;
			buildActionMask = 2147483647;
			files = (
			);
			inputPaths = (
			);
			name = "[CP] Copy Pods Resources";
			outputPaths = (
			);
			runOnlyForDeploymentPostprocessing = 0;
			shellPath = /bin/sh;
			shellScript = "\"${SRCROOT}/Pods/Target Support Files/Pods-TaipeiTrackRubbishTruckTests/Pods-TaipeiTrackRubbishTruckTests-resources.sh\"\n";
			showEnvVarsInLog = 0;
		};
		6CEDD51AF595260A65A62C51 /* [CP] Check Pods Manifest.lock */ = {
			isa = PBXShellScriptBuildPhase;
			buildActionMask = 2147483647;
			files = (
			);
			inputPaths = (
			);
			name = "[CP] Check Pods Manifest.lock";
			outputPaths = (
			);
			runOnlyForDeploymentPostprocessing = 0;
			shellPath = /bin/sh;
			shellScript = "diff \"${PODS_ROOT}/../Podfile.lock\" \"${PODS_ROOT}/Manifest.lock\" > /dev/null\nif [[ $? != 0 ]] ; then\n    cat << EOM\nerror: The sandbox is not in sync with the Podfile.lock. Run 'pod install' or update your CocoaPods installation.\nEOM\n    exit 1\nfi\n";
			showEnvVarsInLog = 0;
		};
		8ABE415D062AE3CA6BE89994 /* [CP] Copy Pods Resources */ = {
			isa = PBXShellScriptBuildPhase;
			buildActionMask = 2147483647;
			files = (
			);
			inputPaths = (
			);
			name = "[CP] Copy Pods Resources";
			outputPaths = (
			);
			runOnlyForDeploymentPostprocessing = 0;
			shellPath = /bin/sh;
			shellScript = "\"${SRCROOT}/Pods/Target Support Files/Pods-TaipeiTrackRubbishTruck/Pods-TaipeiTrackRubbishTruck-resources.sh\"\n";
			showEnvVarsInLog = 0;
		};
		AF20D0F8D67DF36B40C59BA2 /* [CP] Copy Pods Resources */ = {
			isa = PBXShellScriptBuildPhase;
			buildActionMask = 2147483647;
			files = (
			);
			inputPaths = (
			);
			name = "[CP] Copy Pods Resources";
			outputPaths = (
			);
			runOnlyForDeploymentPostprocessing = 0;
			shellPath = /bin/sh;
			shellScript = "\"${SRCROOT}/Pods/Target Support Files/Pods-TaipeiTrackRubbishTruckUITests/Pods-TaipeiTrackRubbishTruckUITests-resources.sh\"\n";
			showEnvVarsInLog = 0;
		};
/* End PBXShellScriptBuildPhase section */

/* Begin PBXSourcesBuildPhase section */
		FB81F3331CE6CFD500FA4B67 /* Sources */ = {
			isa = PBXSourcesBuildPhase;
			buildActionMask = 2147483647;
			files = (
				FB878A821CF2CC5D0011FF04 /* GoogleMapViewController.swift in Sources */,
				FB81F3751CE997ED00FA4B67 /* NSDictionary+Unicode.m in Sources */,
				41654B331D45A68F0026992E /* GoogleDataProvider.swift in Sources */,
				41654B581D45B4900026992E /* SwiftyJSON.swift in Sources */,
				41654B571D45B4900026992E /* README.md in Sources */,
				FB81F36F1CE6D2E300FA4B67 /* RubbishTruckController.swift in Sources */,
				FBA3E60B1CEDA9510061C102 /* PopAnimation.swift in Sources */,
				41654B5A1D45F06F0026992E /* TaipeiDataServers.swift in Sources */,
				FBA2583B1CE9FBAC00A4E761 /* NewTaipeiAreaController.swift in Sources */,
				41654B4E1D45B1290026992E /* PlaceMarker.swift in Sources */,
				FB81F33B1CE6CFD500FA4B67 /* AppDelegate.swift in Sources */,
				41654B4C1D45B10B0026992E /* GooglePlace.swift in Sources */,
				41654B501D45B1AC0026992E /* UIViewExtension.swift in Sources */,
				FBB2AF2C1D0B0BFE00F82CD2 /* GoogleStreetView.swift in Sources */,
				FBD891451D159DB200658F75 /* CustomRefresh.swift in Sources */,
				FB9BF9771CEB388F00659977 /* MenuTransitionMansger.swift in Sources */,
				FBA3BBED1CEB1BF7004AF688 /* BaseViewController.swift in Sources */,
				FB81F36D1CE6D24700FA4B67 /* Constant.swift in Sources */,
				FB81F37D1CE9B11B00FA4B67 /* RubbishTableViewCell.swift in Sources */,
				FBA3E6091CED962A0061C102 /* CustomInteractionController.swift in Sources */,
				FB9BF9741CEB323700659977 /* Reachability.swift in Sources */,
				FB81F3781CE99EDD00FA4B67 /* Rubbish.swift in Sources */,
			);
			runOnlyForDeploymentPostprocessing = 0;
		};
		FB81F3471CE6CFD500FA4B67 /* Sources */ = {
			isa = PBXSourcesBuildPhase;
			buildActionMask = 2147483647;
			files = (
				FB81F3501CE6CFD500FA4B67 /* TaipeiTrackRubbishTruckTests.swift in Sources */,
			);
			runOnlyForDeploymentPostprocessing = 0;
		};
		FB81F3521CE6CFD500FA4B67 /* Sources */ = {
			isa = PBXSourcesBuildPhase;
			buildActionMask = 2147483647;
			files = (
				FB81F35B1CE6CFD500FA4B67 /* TaipeiTrackRubbishTruckUITests.swift in Sources */,
			);
			runOnlyForDeploymentPostprocessing = 0;
		};
/* End PBXSourcesBuildPhase section */

/* Begin PBXTargetDependency section */
		FB81F34D1CE6CFD500FA4B67 /* PBXTargetDependency */ = {
			isa = PBXTargetDependency;
			target = FB81F3361CE6CFD500FA4B67 /* TaipeiTrackRubbishTruck */;
			targetProxy = FB81F34C1CE6CFD500FA4B67 /* PBXContainerItemProxy */;
		};
		FB81F3581CE6CFD500FA4B67 /* PBXTargetDependency */ = {
			isa = PBXTargetDependency;
			target = FB81F3361CE6CFD500FA4B67 /* TaipeiTrackRubbishTruck */;
			targetProxy = FB81F3571CE6CFD500FA4B67 /* PBXContainerItemProxy */;
		};
/* End PBXTargetDependency section */

/* Begin PBXVariantGroup section */
		FB81F33E1CE6CFD500FA4B67 /* Main.storyboard */ = {
			isa = PBXVariantGroup;
			children = (
				FB81F33F1CE6CFD500FA4B67 /* Base */,
			);
			name = Main.storyboard;
			sourceTree = "<group>";
		};
		FB81F3431CE6CFD500FA4B67 /* LaunchScreen.storyboard */ = {
			isa = PBXVariantGroup;
			children = (
				FB81F3441CE6CFD500FA4B67 /* Base */,
			);
			name = LaunchScreen.storyboard;
			sourceTree = "<group>";
		};
/* End PBXVariantGroup section */

/* Begin XCBuildConfiguration section */
		FB81F35D1CE6CFD500FA4B67 /* Debug */ = {
			isa = XCBuildConfiguration;
			buildSettings = {
				ALWAYS_SEARCH_USER_PATHS = NO;
				CLANG_ANALYZER_NONNULL = YES;
				CLANG_CXX_LANGUAGE_STANDARD = "gnu++0x";
				CLANG_CXX_LIBRARY = "libc++";
				CLANG_ENABLE_MODULES = YES;
				CLANG_ENABLE_OBJC_ARC = YES;
				CLANG_WARN_BOOL_CONVERSION = YES;
				CLANG_WARN_CONSTANT_CONVERSION = YES;
				CLANG_WARN_DIRECT_OBJC_ISA_USAGE = YES_ERROR;
				CLANG_WARN_EMPTY_BODY = YES;
				CLANG_WARN_ENUM_CONVERSION = YES;
				CLANG_WARN_INT_CONVERSION = YES;
				CLANG_WARN_OBJC_ROOT_CLASS = YES_ERROR;
				CLANG_WARN_UNREACHABLE_CODE = YES;
				CLANG_WARN__DUPLICATE_METHOD_MATCH = YES;
				"CODE_SIGN_IDENTITY[sdk=iphoneos*]" = "iPhone Developer";
				COPY_PHASE_STRIP = NO;
				DEBUG_INFORMATION_FORMAT = dwarf;
				ENABLE_STRICT_OBJC_MSGSEND = YES;
				ENABLE_TESTABILITY = YES;
				GCC_C_LANGUAGE_STANDARD = gnu99;
				GCC_DYNAMIC_NO_PIC = NO;
				GCC_NO_COMMON_BLOCKS = YES;
				GCC_OPTIMIZATION_LEVEL = 0;
				GCC_PREPROCESSOR_DEFINITIONS = (
					"DEBUG=1",
					"$(inherited)",
				);
				GCC_WARN_64_TO_32_BIT_CONVERSION = YES;
				GCC_WARN_ABOUT_RETURN_TYPE = YES_ERROR;
				GCC_WARN_UNDECLARED_SELECTOR = YES;
				GCC_WARN_UNINITIALIZED_AUTOS = YES_AGGRESSIVE;
				GCC_WARN_UNUSED_FUNCTION = YES;
				GCC_WARN_UNUSED_VARIABLE = YES;
				IPHONEOS_DEPLOYMENT_TARGET = 9.3;
				MTL_ENABLE_DEBUG_INFO = YES;
				ONLY_ACTIVE_ARCH = YES;
				SDKROOT = iphoneos;
				SWIFT_OPTIMIZATION_LEVEL = "-Onone";
				TARGETED_DEVICE_FAMILY = "1,2";
			};
			name = Debug;
		};
		FB81F35E1CE6CFD500FA4B67 /* Release */ = {
			isa = XCBuildConfiguration;
			buildSettings = {
				ALWAYS_SEARCH_USER_PATHS = NO;
				CLANG_ANALYZER_NONNULL = YES;
				CLANG_CXX_LANGUAGE_STANDARD = "gnu++0x";
				CLANG_CXX_LIBRARY = "libc++";
				CLANG_ENABLE_MODULES = YES;
				CLANG_ENABLE_OBJC_ARC = YES;
				CLANG_WARN_BOOL_CONVERSION = YES;
				CLANG_WARN_CONSTANT_CONVERSION = YES;
				CLANG_WARN_DIRECT_OBJC_ISA_USAGE = YES_ERROR;
				CLANG_WARN_EMPTY_BODY = YES;
				CLANG_WARN_ENUM_CONVERSION = YES;
				CLANG_WARN_INT_CONVERSION = YES;
				CLANG_WARN_OBJC_ROOT_CLASS = YES_ERROR;
				CLANG_WARN_UNREACHABLE_CODE = YES;
				CLANG_WARN__DUPLICATE_METHOD_MATCH = YES;
				"CODE_SIGN_IDENTITY[sdk=iphoneos*]" = "iPhone Developer";
				COPY_PHASE_STRIP = NO;
				DEBUG_INFORMATION_FORMAT = "dwarf-with-dsym";
				ENABLE_NS_ASSERTIONS = NO;
				ENABLE_STRICT_OBJC_MSGSEND = YES;
				GCC_C_LANGUAGE_STANDARD = gnu99;
				GCC_NO_COMMON_BLOCKS = YES;
				GCC_WARN_64_TO_32_BIT_CONVERSION = YES;
				GCC_WARN_ABOUT_RETURN_TYPE = YES_ERROR;
				GCC_WARN_UNDECLARED_SELECTOR = YES;
				GCC_WARN_UNINITIALIZED_AUTOS = YES_AGGRESSIVE;
				GCC_WARN_UNUSED_FUNCTION = YES;
				GCC_WARN_UNUSED_VARIABLE = YES;
				IPHONEOS_DEPLOYMENT_TARGET = 9.3;
				MTL_ENABLE_DEBUG_INFO = NO;
				SDKROOT = iphoneos;
				TARGETED_DEVICE_FAMILY = "1,2";
				VALIDATE_PRODUCT = YES;
			};
			name = Release;
		};
		FB81F3601CE6CFD500FA4B67 /* Debug */ = {
			isa = XCBuildConfiguration;
			baseConfigurationReference = AF36C8FA05E5BE9D1B44C1A4 /* Pods-TaipeiTrackRubbishTruck.debug.xcconfig */;
			buildSettings = {
				ASSETCATALOG_COMPILER_APPICON_NAME = AppIcon;
				CLANG_ENABLE_MODULES = YES;
				ENABLE_BITCODE = YES;
				INFOPLIST_FILE = TaipeiTrackRubbishTruck/Info.plist;
				IPHONEOS_DEPLOYMENT_TARGET = 8.0;
				LD_RUNPATH_SEARCH_PATHS = "$(inherited) @executable_path/Frameworks";
				PRODUCT_BUNDLE_IDENTIFIER = jamba.TaipeiTrackRubbishTruck;
				PRODUCT_NAME = "$(TARGET_NAME)";
				SWIFT_OBJC_BRIDGING_HEADER = "TaipeiTrackRubbishTruck/TaipeiTrackRubbishTruck-Bridging-Header.h";
				SWIFT_OPTIMIZATION_LEVEL = "-Onone";
				SWIFT_VERSION = 3.0;
				TARGETED_DEVICE_FAMILY = 1;
			};
			name = Debug;
		};
		FB81F3611CE6CFD500FA4B67 /* Release */ = {
			isa = XCBuildConfiguration;
			baseConfigurationReference = 51F4B422BFE5E7E8D357BA6C /* Pods-TaipeiTrackRubbishTruck.release.xcconfig */;
			buildSettings = {
				ASSETCATALOG_COMPILER_APPICON_NAME = AppIcon;
				CLANG_ENABLE_MODULES = YES;
				ENABLE_BITCODE = YES;
				INFOPLIST_FILE = TaipeiTrackRubbishTruck/Info.plist;
				IPHONEOS_DEPLOYMENT_TARGET = 8.0;
				LD_RUNPATH_SEARCH_PATHS = "$(inherited) @executable_path/Frameworks";
				PRODUCT_BUNDLE_IDENTIFIER = jamba.TaipeiTrackRubbishTruck;
				PRODUCT_NAME = "$(TARGET_NAME)";
				SWIFT_OBJC_BRIDGING_HEADER = "TaipeiTrackRubbishTruck/TaipeiTrackRubbishTruck-Bridging-Header.h";
				SWIFT_VERSION = 3.0;
				TARGETED_DEVICE_FAMILY = 1;
			};
			name = Release;
		};
		FB81F3631CE6CFD500FA4B67 /* Debug */ = {
			isa = XCBuildConfiguration;
			baseConfigurationReference = C8098CB42DA76595B9DDD727 /* Pods-TaipeiTrackRubbishTruckTests.debug.xcconfig */;
			buildSettings = {
				BUNDLE_LOADER = "$(TEST_HOST)";
				INFOPLIST_FILE = TaipeiTrackRubbishTruckTests/Info.plist;
				LD_RUNPATH_SEARCH_PATHS = "$(inherited) @executable_path/Frameworks @loader_path/Frameworks";
				PRODUCT_BUNDLE_IDENTIFIER = jamba.TaipeiTrackRubbishTruckTests;
				PRODUCT_NAME = "$(TARGET_NAME)";
				SWIFT_VERSION = 3.0;
				TEST_HOST = "$(BUILT_PRODUCTS_DIR)/TaipeiTrackRubbishTruck.app/TaipeiTrackRubbishTruck";
			};
			name = Debug;
		};
		FB81F3641CE6CFD500FA4B67 /* Release */ = {
			isa = XCBuildConfiguration;
			baseConfigurationReference = A455D5DF7CB2099924213C9E /* Pods-TaipeiTrackRubbishTruckTests.release.xcconfig */;
			buildSettings = {
				BUNDLE_LOADER = "$(TEST_HOST)";
				INFOPLIST_FILE = TaipeiTrackRubbishTruckTests/Info.plist;
				LD_RUNPATH_SEARCH_PATHS = "$(inherited) @executable_path/Frameworks @loader_path/Frameworks";
				PRODUCT_BUNDLE_IDENTIFIER = jamba.TaipeiTrackRubbishTruckTests;
				PRODUCT_NAME = "$(TARGET_NAME)";
				SWIFT_VERSION = 3.0;
				TEST_HOST = "$(BUILT_PRODUCTS_DIR)/TaipeiTrackRubbishTruck.app/TaipeiTrackRubbishTruck";
			};
			name = Release;
		};
		FB81F3661CE6CFD500FA4B67 /* Debug */ = {
			isa = XCBuildConfiguration;
			baseConfigurationReference = E7107A8B09D8552C1A3D1F97 /* Pods-TaipeiTrackRubbishTruckUITests.debug.xcconfig */;
			buildSettings = {
				INFOPLIST_FILE = TaipeiTrackRubbishTruckUITests/Info.plist;
				LD_RUNPATH_SEARCH_PATHS = "$(inherited) @executable_path/Frameworks @loader_path/Frameworks";
				PRODUCT_BUNDLE_IDENTIFIER = jamba.TaipeiTrackRubbishTruckUITests;
				PRODUCT_NAME = "$(TARGET_NAME)";
				SWIFT_VERSION = 3.0;
				TEST_TARGET_NAME = TaipeiTrackRubbishTruck;
			};
			name = Debug;
		};
		FB81F3671CE6CFD500FA4B67 /* Release */ = {
			isa = XCBuildConfiguration;
			baseConfigurationReference = E62F6A393868476D46497B05 /* Pods-TaipeiTrackRubbishTruckUITests.release.xcconfig */;
			buildSettings = {
				INFOPLIST_FILE = TaipeiTrackRubbishTruckUITests/Info.plist;
				LD_RUNPATH_SEARCH_PATHS = "$(inherited) @executable_path/Frameworks @loader_path/Frameworks";
				PRODUCT_BUNDLE_IDENTIFIER = jamba.TaipeiTrackRubbishTruckUITests;
				PRODUCT_NAME = "$(TARGET_NAME)";
				SWIFT_VERSION = 3.0;
				TEST_TARGET_NAME = TaipeiTrackRubbishTruck;
			};
			name = Release;
		};
/* End XCBuildConfiguration section */

/* Begin XCConfigurationList section */
		FB81F3321CE6CFD500FA4B67 /* Build configuration list for PBXProject "TaipeiTrackRubbishTruck" */ = {
			isa = XCConfigurationList;
			buildConfigurations = (
				FB81F35D1CE6CFD500FA4B67 /* Debug */,
				FB81F35E1CE6CFD500FA4B67 /* Release */,
			);
			defaultConfigurationIsVisible = 0;
			defaultConfigurationName = Release;
		};
		FB81F35F1CE6CFD500FA4B67 /* Build configuration list for PBXNativeTarget "TaipeiTrackRubbishTruck" */ = {
			isa = XCConfigurationList;
			buildConfigurations = (
				FB81F3601CE6CFD500FA4B67 /* Debug */,
				FB81F3611CE6CFD500FA4B67 /* Release */,
			);
			defaultConfigurationIsVisible = 0;
			defaultConfigurationName = Release;
		};
		FB81F3621CE6CFD500FA4B67 /* Build configuration list for PBXNativeTarget "TaipeiTrackRubbishTruckTests" */ = {
			isa = XCConfigurationList;
			buildConfigurations = (
				FB81F3631CE6CFD500FA4B67 /* Debug */,
				FB81F3641CE6CFD500FA4B67 /* Release */,
			);
			defaultConfigurationIsVisible = 0;
			defaultConfigurationName = Release;
		};
		FB81F3651CE6CFD500FA4B67 /* Build configuration list for PBXNativeTarget "TaipeiTrackRubbishTruckUITests" */ = {
			isa = XCConfigurationList;
			buildConfigurations = (
				FB81F3661CE6CFD500FA4B67 /* Debug */,
				FB81F3671CE6CFD500FA4B67 /* Release */,
			);
			defaultConfigurationIsVisible = 0;
			defaultConfigurationName = Release;
		};
/* End XCConfigurationList section */
	};
	rootObject = FB81F32F1CE6CFD500FA4B67 /* Project object */;
}
